
Microsoft Visual Studio Solution File, Format Version 12.00
# Visual Studio Version 17
VisualStudioVersion = 17.0.31903.59
MinimumVisualStudioVersion = 10.0.40219.1
Project("{FAE04EC0-301F-11D3-BF4B-00C04F79EFBC}") = "FluentReports.Core", "FluentReports.Core\FluentReports.Core.csproj", "{F506F7C4-A1CF-4E37-A13F-E2B60D3BB0BD}"
EndProject
Project("{FAE04EC0-301F-11D3-BF4B-00C04F79EFBC}") = "FluentReports.Tests", "FluentReports.Tests\FluentReports.Tests.csproj", "{886D18DA-21B2-4C99-BD49-069F1BC95331}"
EndProject
Global
	GlobalSection(SolutionConfigurationPlatforms) = preSolution
		Debug|Any CPU = Debug|Any CPU
		Debug|x64 = Debug|x64
		Debug|x86 = Debug|x86
		Release|Any CPU = Release|Any CPU
		Release|x64 = Release|x64
		Release|x86 = Release|x86
	EndGlobalSection
	GlobalSection(ProjectConfigurationPlatforms) = postSolution
		{F506F7C4-A1CF-4E37-A13F-E2B60D3BB0BD}.Debug|Any CPU.ActiveCfg = Debug|Any CPU
		{F506F7C4-A1CF-4E37-A13F-E2B60D3BB0BD}.Debug|Any CPU.Build.0 = Debug|Any CPU
		{F506F7C4-A1CF-4E37-A13F-E2B60D3BB0BD}.Debug|x64.ActiveCfg = Debug|Any CPU
		{F506F7C4-A1CF-4E37-A13F-E2B60D3BB0BD}.Debug|x64.Build.0 = Debug|Any CPU
		{F506F7C4-A1CF-4E37-A13F-E2B60D3BB0BD}.Debug|x86.ActiveCfg = Debug|Any CPU
		{F506F7C4-A1CF-4E37-A13F-E2B60D3BB0BD}.Debug|x86.Build.0 = Debug|Any CPU
		{F506F7C4-A1CF-4E37-A13F-E2B60D3BB0BD}.Release|Any CPU.ActiveCfg = Release|Any CPU
		{F506F7C4-A1CF-4E37-A13F-E2B60D3BB0BD}.Release|Any CPU.Build.0 = Release|Any CPU
		{F506F7C4-A1CF-4E37-A13F-E2B60D3BB0BD}.Release|x64.ActiveCfg = Release|Any CPU
		{F506F7C4-A1CF-4E37-A13F-E2B60D3BB0BD}.Release|x64.Build.0 = Release|Any CPU
		{F506F7C4-A1CF-4E37-A13F-E2B60D3BB0BD}.Release|x86.ActiveCfg = Release|Any CPU
		{F506F7C4-A1CF-4E37-A13F-E2B60D3BB0BD}.Release|x86.Build.0 = Release|Any CPU
		{886D18DA-21B2-4C99-BD49-069F1BC95331}.Debug|Any CPU.ActiveCfg = Debug|Any CPU
		{886D18DA-21B2-4C99-BD49-069F1BC95331}.Debug|Any CPU.Build.0 = Debug|Any CPU
		{886D18DA-21B2-4C99-BD49-069F1BC95331}.Debug|x64.ActiveCfg = Debug|Any CPU
		{886D18DA-21B2-4C99-BD49-069F1BC95331}.Debug|x64.Build.0 = Debug|Any CPU
		{886D18DA-21B2-4C99-BD49-069F1BC95331}.Debug|x86.ActiveCfg = Debug|Any CPU
		{886D18DA-21B2-4C99-BD49-069F1BC95331}.Debug|x86.Build.0 = Debug|Any CPU
		{886D18DA-21B2-4C99-BD49-069F1BC95331}.Release|Any CPU.ActiveCfg = Release|Any CPU
		{886D18DA-21B2-4C99-BD49-069F1BC95331}.Release|Any CPU.Build.0 = Release|Any CPU
		{886D18DA-21B2-4C99-BD49-069F1BC95331}.Release|x64.ActiveCfg = Release|Any CPU
		{886D18DA-21B2-4C99-BD49-069F1BC95331}.Release|x64.Build.0 = Release|Any CPU
		{886D18DA-21B2-4C99-BD49-069F1BC95331}.Release|x86.ActiveCfg = Release|Any CPU
		{886D18DA-21B2-4C99-BD49-069F1BC95331}.Release|x86.Build.0 = Release|Any CPU
	EndGlobalSection
	GlobalSection(SolutionProperties) = preSolution
		HideSolutionNode = FALSE
	EndGlobalSection
EndGlobal
